
Microsoft Visual Studio Solution File, Format Version 12.00
# Visual Studio Version 16
VisualStudioVersion = 16.0.29102.190
MinimumVisualStudioVersion = 10.0.40219.1
Project("{9A19103F-16F7-4668-BE54-9A1E7A4F7556}") = "MarkovAPI", "MarkovAPI\MarkovAPI.csproj", "{A67F0FA6-4151-4445-BEA5-968A5AE61552}"
EndProject
Project("{9A19103F-16F7-4668-BE54-9A1E7A4F7556}") = "Nifcloud", "Nifcloud\Nifcloud.csproj", "{7930FCB9-4A5C-47EF-A9C7-ED58B3B4F085}"
EndProject
Global
	GlobalSection(SolutionConfigurationPlatforms) = preSolution
		Debug|Any CPU = Debug|Any CPU
		Release|Any CPU = Release|Any CPU
	EndGlobalSection
	GlobalSection(ProjectConfigurationPlatforms) = postSolution
		{A67F0FA6-4151-4445-BEA5-968A5AE61552}.Debug|Any CPU.ActiveCfg = Debug|Any CPU
		{A67F0FA6-4151-4445-BEA5-968A5AE61552}.Debug|Any CPU.Build.0 = Debug|Any CPU
		{A67F0FA6-4151-4445-BEA5-968A5AE61552}.Release|Any CPU.ActiveCfg = Release|Any CPU
		{A67F0FA6-4151-4445-BEA5-968A5AE61552}.Release|Any CPU.Build.0 = Release|Any CPU
		{7930FCB9-4A5C-47EF-A9C7-ED58B3B4F085}.Debug|Any CPU.ActiveCfg = Debug|Any CPU
		{7930FCB9-4A5C-47EF-A9C7-ED58B3B4F085}.Debug|Any CPU.Build.0 = Debug|Any CPU
		{7930FCB9-4A5C-47EF-A9C7-ED58B3B4F085}.Release|Any CPU.ActiveCfg = Release|Any CPU
		{7930FCB9-4A5C-47EF-A9C7-ED58B3B4F085}.Release|Any CPU.Build.0 = Release|Any CPU
	EndGlobalSection
	GlobalSection(SolutionProperties) = preSolution
		HideSolutionNode = FALSE
	EndGlobalSection
	GlobalSection(ExtensibilityGlobals) = postSolution
		SolutionGuid = {16AC0C9D-8EDE-4C9A-958E-B09E4C2C3F9D}
	EndGlobalSection
EndGlobal
